
Microsoft Visual Studio Solution File, Format Version 11.00
# Visual Studio 2010
Project("{FAE04EC0-301F-11D3-BF4B-00C04F79EFBC}") = "ISIS.Web", "ISIS.Web\ISIS.Web.csproj", "{A3B588E6-11F4-4989-BB1A-1BDC67B0AAB8}"
EndProject
Project("{FAE04EC0-301F-11D3-BF4B-00C04F79EFBC}") = "ISIS.Web.Models", "ISIS.Web.Models\ISIS.Web.Models.csproj", "{22EC4DEB-8911-4ADF-BED3-C4663EDD30EB}"
EndProject
Project("{FAE04EC0-301F-11D3-BF4B-00C04F79EFBC}") = "ISIS.Web.Areas.Schedule.Controllers", "ISIS.Web.Areas.Schedule.Controllers\ISIS.Web.Areas.Schedule.Controllers.csproj", "{AEB8F4E2-64DF-49D3-83F9-F441F19DA20C}"
EndProject
Project("{FAE04EC0-301F-11D3-BF4B-00C04F79EFBC}") = "ISIS.Web.Areas.Schedule.Models", "ISIS.Web.Areas.Schedule.Models\ISIS.Web.Areas.Schedule.Models.csproj", "{E6650204-533F-44B8-BC1F-C99AE366F146}"
EndProject
Project("{FAE04EC0-301F-11D3-BF4B-00C04F79EFBC}") = "ISIS.Web.Core", "ISIS.Web.Core\ISIS.Web.Core.csproj", "{226336EE-021F-4B45-BDE7-EA84A8AA0026}"
EndProject
Project("{FAE04EC0-301F-11D3-BF4B-00C04F79EFBC}") = "ISIS.Web.Areas.Facilities.Controllers", "ISIS.Web.Areas.Facilities.Controllers\ISIS.Web.Areas.Facilities.Controllers.csproj", "{7E62730C-24A8-42AF-9E93-7684769F313B}"
EndProject
Project("{FAE04EC0-301F-11D3-BF4B-00C04F79EFBC}") = "ISIS.Web.Areas.Facilities.Models", "ISIS.Web.Areas.Facilities.Models\ISIS.Web.Areas.Facilities.Models.csproj", "{DC4ECEF7-1934-48DD-AB4E-35EDF6C02596}"
EndProject
Project("{FAE04EC0-301F-11D3-BF4B-00C04F79EFBC}") = "ISIS.Web.Areas.Schedule.UITests", "ISIS.Web.Areas.Schedule.UITests\ISIS.Web.Areas.Schedule.UITests.csproj", "{967A620F-46FC-4CE6-92C4-A70E22E73A19}"
EndProject
Project("{2150E333-8FDC-42A3-9474-1A3956D46DE8}") = "Tests", "Tests", "{9946C8EB-B718-4C9D-940D-9F2F98102F70}"
EndProject
Global
	GlobalSection(SolutionConfigurationPlatforms) = preSolution
		Debug|Any CPU = Debug|Any CPU
		Release|Any CPU = Release|Any CPU
	EndGlobalSection
	GlobalSection(ProjectConfigurationPlatforms) = postSolution
		{A3B588E6-11F4-4989-BB1A-1BDC67B0AAB8}.Debug|Any CPU.ActiveCfg = Debug|Any CPU
		{A3B588E6-11F4-4989-BB1A-1BDC67B0AAB8}.Debug|Any CPU.Build.0 = Debug|Any CPU
		{A3B588E6-11F4-4989-BB1A-1BDC67B0AAB8}.Release|Any CPU.ActiveCfg = Release|Any CPU
		{A3B588E6-11F4-4989-BB1A-1BDC67B0AAB8}.Release|Any CPU.Build.0 = Release|Any CPU
		{22EC4DEB-8911-4ADF-BED3-C4663EDD30EB}.Debug|Any CPU.ActiveCfg = Debug|Any CPU
		{22EC4DEB-8911-4ADF-BED3-C4663EDD30EB}.Debug|Any CPU.Build.0 = Debug|Any CPU
		{22EC4DEB-8911-4ADF-BED3-C4663EDD30EB}.Release|Any CPU.ActiveCfg = Release|Any CPU
		{22EC4DEB-8911-4ADF-BED3-C4663EDD30EB}.Release|Any CPU.Build.0 = Release|Any CPU
		{AEB8F4E2-64DF-49D3-83F9-F441F19DA20C}.Debug|Any CPU.ActiveCfg = Debug|Any CPU
		{AEB8F4E2-64DF-49D3-83F9-F441F19DA20C}.Debug|Any CPU.Build.0 = Debug|Any CPU
		{AEB8F4E2-64DF-49D3-83F9-F441F19DA20C}.Release|Any CPU.ActiveCfg = Release|Any CPU
		{AEB8F4E2-64DF-49D3-83F9-F441F19DA20C}.Release|Any CPU.Build.0 = Release|Any CPU
		{E6650204-533F-44B8-BC1F-C99AE366F146}.Debug|Any CPU.ActiveCfg = Debug|Any CPU
		{E6650204-533F-44B8-BC1F-C99AE366F146}.Debug|Any CPU.Build.0 = Debug|Any CPU
		{E6650204-533F-44B8-BC1F-C99AE366F146}.Release|Any CPU.ActiveCfg = Release|Any CPU
		{E6650204-533F-44B8-BC1F-C99AE366F146}.Release|Any CPU.Build.0 = Release|Any CPU
		{226336EE-021F-4B45-BDE7-EA84A8AA0026}.Debug|Any CPU.ActiveCfg = Debug|Any CPU
		{226336EE-021F-4B45-BDE7-EA84A8AA0026}.Debug|Any CPU.Build.0 = Debug|Any CPU
		{226336EE-021F-4B45-BDE7-EA84A8AA0026}.Release|Any CPU.ActiveCfg = Release|Any CPU
		{226336EE-021F-4B45-BDE7-EA84A8AA0026}.Release|Any CPU.Build.0 = Release|Any CPU
		{7E62730C-24A8-42AF-9E93-7684769F313B}.Debug|Any CPU.ActiveCfg = Debug|Any CPU
		{7E62730C-24A8-42AF-9E93-7684769F313B}.Debug|Any CPU.Build.0 = Debug|Any CPU
		{7E62730C-24A8-42AF-9E93-7684769F313B}.Release|Any CPU.ActiveCfg = Release|Any CPU
		{7E62730C-24A8-42AF-9E93-7684769F313B}.Release|Any CPU.Build.0 = Release|Any CPU
		{DC4ECEF7-1934-48DD-AB4E-35EDF6C02596}.Debug|Any CPU.ActiveCfg = Debug|Any CPU
		{DC4ECEF7-1934-48DD-AB4E-35EDF6C02596}.Debug|Any CPU.Build.0 = Debug|Any CPU
		{DC4ECEF7-1934-48DD-AB4E-35EDF6C02596}.Release|Any CPU.ActiveCfg = Release|Any CPU
		{DC4ECEF7-1934-48DD-AB4E-35EDF6C02596}.Release|Any CPU.Build.0 = Release|Any CPU
		{967A620F-46FC-4CE6-92C4-A70E22E73A19}.Debug|Any CPU.ActiveCfg = Debug|Any CPU
		{967A620F-46FC-4CE6-92C4-A70E22E73A19}.Debug|Any CPU.Build.0 = Debug|Any CPU
		{967A620F-46FC-4CE6-92C4-A70E22E73A19}.Release|Any CPU.ActiveCfg = Release|Any CPU
		{967A620F-46FC-4CE6-92C4-A70E22E73A19}.Release|Any CPU.Build.0 = Release|Any CPU
	EndGlobalSection
	GlobalSection(SolutionProperties) = preSolution
		HideSolutionNode = FALSE
	EndGlobalSection
	GlobalSection(NestedProjects) = preSolution
		{967A620F-46FC-4CE6-92C4-A70E22E73A19} = {9946C8EB-B718-4C9D-940D-9F2F98102F70}
	EndGlobalSection
EndGlobal
